
Microsoft Visual Studio Solution File, Format Version 12.00
# Visual Studio Version 16
VisualStudioVersion = 16.0.31129.286
MinimumVisualStudioVersion = 10.0.40219.1
Project("{FAE04EC0-301F-11D3-BF4B-00C04F79EFBC}") = "MyApi", "MyApi\MyApi.csproj", "{3ABD68EA-7FA6-402B-BAD3-A0ADD62E17D8}"
EndProject
Global
	GlobalSection(SolutionConfigurationPlatforms) = preSolution
		Debug|Any CPU = Debug|Any CPU
		Release|Any CPU = Release|Any CPU
	EndGlobalSection
	GlobalSection(ProjectConfigurationPlatforms) = postSolution
		{3ABD68EA-7FA6-402B-BAD3-A0ADD62E17D8}.Debug|Any CPU.ActiveCfg = Debug|Any CPU
		{3ABD68EA-7FA6-402B-BAD3-A0ADD62E17D8}.Debug|Any CPU.Build.0 = Debug|Any CPU
		{3ABD68EA-7FA6-402B-BAD3-A0ADD62E17D8}.Release|Any CPU.ActiveCfg = Release|Any CPU
		{3ABD68EA-7FA6-402B-BAD3-A0ADD62E17D8}.Release|Any CPU.Build.0 = Release|Any CPU
	EndGlobalSection
	GlobalSection(SolutionProperties) = preSolution
		HideSolutionNode = FALSE
	EndGlobalSection
	GlobalSection(ExtensibilityGlobals) = postSolution
		SolutionGuid = {EB4CB8CB-3A6D-4F66-A18B-DC9A3B1ECD7B}
	EndGlobalSection
EndGlobal
